
Microsoft Visual Studio Solution File, Format Version 12.00
# Visual Studio Version 17
VisualStudioVersion = 17.3.32929.385
MinimumVisualStudioVersion = 10.0.40219.1
Project("{FAE04EC0-301F-11D3-BF4B-00C04F79EFBC}") = "Consoleswitchcase", "Consoleswitchcase.csproj", "{B7C71A9F-AD6D-48A7-941D-CE4E6BA58BDA}"
EndProject
Global
	GlobalSection(SolutionConfigurationPlatforms) = preSolution
		Debug|Any CPU = Debug|Any CPU
		Release|Any CPU = Release|Any CPU
	EndGlobalSection
	GlobalSection(ProjectConfigurationPlatforms) = postSolution
		{B7C71A9F-AD6D-48A7-941D-CE4E6BA58BDA}.Debug|Any CPU.ActiveCfg = Debug|Any CPU
		{B7C71A9F-AD6D-48A7-941D-CE4E6BA58BDA}.Debug|Any CPU.Build.0 = Debug|Any CPU
		{B7C71A9F-AD6D-48A7-941D-CE4E6BA58BDA}.Release|Any CPU.ActiveCfg = Release|Any CPU
		{B7C71A9F-AD6D-48A7-941D-CE4E6BA58BDA}.Release|Any CPU.Build.0 = Release|Any CPU
	EndGlobalSection
	GlobalSection(SolutionProperties) = preSolution
		HideSolutionNode = FALSE
	EndGlobalSection
	GlobalSection(ExtensibilityGlobals) = postSolution
		SolutionGuid = {477DAEE6-53E1-469B-86ED-9D0E8EF27881}
	EndGlobalSection
EndGlobal
